// !$*UTF8*$!
{
	archiveVersion = 1;
	classes = {
	};
	objectVersion = 50;
	objects = {

/* Begin PBXBuildFile section */
		BBF690DC7EADA243AF8C81B3 /* Pods_SwiftyCompanion.framework in Frameworks */ = {isa = PBXBuildFile; fileRef = 7DFA4C2E8D185F642B961C85 /* Pods_SwiftyCompanion.framework */; };
		C537AB782174CAC7006C9138 /* AppDelegate.swift in Sources */ = {isa = PBXBuildFile; fileRef = C537AB772174CAC7006C9138 /* AppDelegate.swift */; };
		C537AB7A2174CAC7006C9138 /* ViewController.swift in Sources */ = {isa = PBXBuildFile; fileRef = C537AB792174CAC7006C9138 /* ViewController.swift */; };
		C537AB7D2174CAC7006C9138 /* Main.storyboard in Resources */ = {isa = PBXBuildFile; fileRef = C537AB7B2174CAC7006C9138 /* Main.storyboard */; };
		C537AB7F2174CAC9006C9138 /* Assets.xcassets in Resources */ = {isa = PBXBuildFile; fileRef = C537AB7E2174CAC9006C9138 /* Assets.xcassets */; };
		C537AB822174CAC9006C9138 /* LaunchScreen.storyboard in Resources */ = {isa = PBXBuildFile; fileRef = C537AB802174CAC9006C9138 /* LaunchScreen.storyboard */; };
		C537AB8A2174CEF7006C9138 /* ApiController.swift in Sources */ = {isa = PBXBuildFile; fileRef = C537AB892174CEF7006C9138 /* ApiController.swift */; };
/* End PBXBuildFile section */

/* Begin PBXFileReference section */
		3969676037831450FF81E9C9 /* Pods-SwiftyCompanion.release.xcconfig */ = {isa = PBXFileReference; includeInIndex = 1; lastKnownFileType = text.xcconfig; name = "Pods-SwiftyCompanion.release.xcconfig"; path = "Pods/Target Support Files/Pods-SwiftyCompanion/Pods-SwiftyCompanion.release.xcconfig"; sourceTree = "<group>"; };
		7DFA4C2E8D185F642B961C85 /* Pods_SwiftyCompanion.framework */ = {isa = PBXFileReference; explicitFileType = wrapper.framework; includeInIndex = 0; path = Pods_SwiftyCompanion.framework; sourceTree = BUILT_PRODUCTS_DIR; };
		85E529B8C2F84926E1FF55D3 /* Pods-SwiftyCompanion.debug.xcconfig */ = {isa = PBXFileReference; includeInIndex = 1; lastKnownFileType = text.xcconfig; name = "Pods-SwiftyCompanion.debug.xcconfig"; path = "Pods/Target Support Files/Pods-SwiftyCompanion/Pods-SwiftyCompanion.debug.xcconfig"; sourceTree = "<group>"; };
		C537AB742174CAC7006C9138 /* SwiftyCompanion.app */ = {isa = PBXFileReference; explicitFileType = wrapper.application; includeInIndex = 0; path = SwiftyCompanion.app; sourceTree = BUILT_PRODUCTS_DIR; };
		C537AB772174CAC7006C9138 /* AppDelegate.swift */ = {isa = PBXFileReference; lastKnownFileType = sourcecode.swift; path = AppDelegate.swift; sourceTree = "<group>"; };
		C537AB792174CAC7006C9138 /* ViewController.swift */ = {isa = PBXFileReference; lastKnownFileType = sourcecode.swift; path = ViewController.swift; sourceTree = "<group>"; };
		C537AB7C2174CAC7006C9138 /* Base */ = {isa = PBXFileReference; lastKnownFileType = file.storyboard; name = Base; path = Base.lproj/Main.storyboard; sourceTree = "<group>"; };
		C537AB7E2174CAC9006C9138 /* Assets.xcassets */ = {isa = PBXFileReference; lastKnownFileType = folder.assetcatalog; path = Assets.xcassets; sourceTree = "<group>"; };
		C537AB812174CAC9006C9138 /* Base */ = {isa = PBXFileReference; lastKnownFileType = file.storyboard; name = Base; path = Base.lproj/LaunchScreen.storyboard; sourceTree = "<group>"; };
		C537AB832174CAC9006C9138 /* Info.plist */ = {isa = PBXFileReference; lastKnownFileType = text.plist.xml; path = Info.plist; sourceTree = "<group>"; };
		C537AB892174CEF7006C9138 /* ApiController.swift */ = {isa = PBXFileReference; lastKnownFileType = sourcecode.swift; path = ApiController.swift; sourceTree = "<group>"; };
/* End PBXFileReference section */

/* Begin PBXFrameworksBuildPhase section */
		C537AB712174CAC7006C9138 /* Frameworks */ = {
			isa = PBXFrameworksBuildPhase;
			buildActionMask = 2147483647;
			files = (
				BBF690DC7EADA243AF8C81B3 /* Pods_SwiftyCompanion.framework in Frameworks */,
			);
			runOnlyForDeploymentPostprocessing = 0;
		};
/* End PBXFrameworksBuildPhase section */

/* Begin PBXGroup section */
		1BD64816452ACB49D52BABF4 /* Pods */ = {
			isa = PBXGroup;
			children = (
				85E529B8C2F84926E1FF55D3 /* Pods-SwiftyCompanion.debug.xcconfig */,
				3969676037831450FF81E9C9 /* Pods-SwiftyCompanion.release.xcconfig */,
			);
			name = Pods;
			sourceTree = "<group>";
		};
		826F2F1D63B198A4731C603A /* Frameworks */ = {
			isa = PBXGroup;
			children = (
				7DFA4C2E8D185F642B961C85 /* Pods_SwiftyCompanion.framework */,
			);
			name = Frameworks;
			sourceTree = "<group>";
		};
		C537AB6B2174CAC6006C9138 = {
			isa = PBXGroup;
			children = (
				C537AB762174CAC7006C9138 /* SwiftyCompanion */,
				C537AB752174CAC7006C9138 /* Products */,
				1BD64816452ACB49D52BABF4 /* Pods */,
				826F2F1D63B198A4731C603A /* Frameworks */,
			);
			sourceTree = "<group>";
		};
		C537AB752174CAC7006C9138 /* Products */ = {
			isa = PBXGroup;
			children = (
				C537AB742174CAC7006C9138 /* SwiftyCompanion.app */,
			);
			name = Products;
			sourceTree = "<group>";
		};
		C537AB762174CAC7006C9138 /* SwiftyCompanion */ = {
			isa = PBXGroup;
			children = (
				C537AB772174CAC7006C9138 /* AppDelegate.swift */,
				C537AB792174CAC7006C9138 /* ViewController.swift */,
				C537AB892174CEF7006C9138 /* ApiController.swift */,
				C537AB7B2174CAC7006C9138 /* Main.storyboard */,
				C537AB7E2174CAC9006C9138 /* Assets.xcassets */,
				C537AB802174CAC9006C9138 /* LaunchScreen.storyboard */,
				C537AB832174CAC9006C9138 /* Info.plist */,
			);
			path = SwiftyCompanion;
			sourceTree = "<group>";
		};
/* End PBXGroup section */

/* Begin PBXNativeTarget section */
		C537AB732174CAC7006C9138 /* SwiftyCompanion */ = {
			isa = PBXNativeTarget;
			buildConfigurationList = C537AB862174CAC9006C9138 /* Build configuration list for PBXNativeTarget "SwiftyCompanion" */;
			buildPhases = (
				0964B3C3B97200439A4212BE /* [CP] Check Pods Manifest.lock */,
				C537AB702174CAC7006C9138 /* Sources */,
				C537AB712174CAC7006C9138 /* Frameworks */,
				C537AB722174CAC7006C9138 /* Resources */,
				D402BF2C4C79DDAD0DC2329F /* [CP] Embed Pods Frameworks */,
			);
			buildRules = (
			);
			dependencies = (
			);
			name = SwiftyCompanion;
			productName = SwiftyCompanion;
			productReference = C537AB742174CAC7006C9138 /* SwiftyCompanion.app */;
			productType = "com.apple.product-type.application";
		};
/* End PBXNativeTarget section */

/* Begin PBXProject section */
		C537AB6C2174CAC6006C9138 /* Project object */ = {
			isa = PBXProject;
			attributes = {
				LastSwiftUpdateCheck = 0940;
				LastUpgradeCheck = 0940;
				ORGANIZATIONNAME = "Jeanette Henriette BURGER";
				TargetAttributes = {
					C537AB732174CAC7006C9138 = {
						CreatedOnToolsVersion = 9.4.1;
					};
				};
			};
			buildConfigurationList = C537AB6F2174CAC6006C9138 /* Build configuration list for PBXProject "SwiftyCompanion" */;
			compatibilityVersion = "Xcode 9.3";
			developmentRegion = en;
			hasScannedForEncodings = 0;
			knownRegions = (
				en,
				Base,
			);
			mainGroup = C537AB6B2174CAC6006C9138;
			productRefGroup = C537AB752174CAC7006C9138 /* Products */;
			projectDirPath = "";
			projectRoot = "";
			targets = (
				C537AB732174CAC7006C9138 /* SwiftyCompanion */,
			);
		};
/* End PBXProject section */

/* Begin PBXResourcesBuildPhase section */
		C537AB722174CAC7006C9138 /* Resources */ = {
			isa = PBXResourcesBuildPhase;
			buildActionMask = 2147483647;
			files = (
				C537AB822174CAC9006C9138 /* LaunchScreen.storyboard in Resources */,
				C537AB7F2174CAC9006C9138 /* Assets.xcassets in Resources */,
				C537AB7D2174CAC7006C9138 /* Main.storyboard in Resources */,
			);
			runOnlyForDeploymentPostprocessing = 0;
		};
/* End PBXResourcesBuildPhase section */

/* Begin PBXShellScriptBuildPhase section */
		0964B3C3B97200439A4212BE /* [CP] Check Pods Manifest.lock */ = {
			isa = PBXShellScriptBuildPhase;
			buildActionMask = 2147483647;
			files = (
			);
			inputPaths = (
				"${PODS_PODFILE_DIR_PATH}/Podfile.lock",
				"${PODS_ROOT}/Manifest.lock",
			);
			name = "[CP] Check Pods Manifest.lock";
			outputPaths = (
				"$(DERIVED_FILE_DIR)/Pods-SwiftyCompanion-checkManifestLockResult.txt",
			);
			runOnlyForDeploymentPostprocessing = 0;
			shellPath = /bin/sh;
			shellScript = "diff \"${PODS_PODFILE_DIR_PATH}/Podfile.lock\" \"${PODS_ROOT}/Manifest.lock\" > /dev/null\nif [ $? != 0 ] ; then\n    # print error to STDERR\n    echo \"error: The sandbox is not in sync with the Podfile.lock. Run 'pod install' or update your CocoaPods installation.\" >&2\n    exit 1\nfi\n# This output is used by Xcode 'outputs' to avoid re-running this script phase.\necho \"SUCCESS\" > \"${SCRIPT_OUTPUT_FILE_0}\"\n";
			showEnvVarsInLog = 0;
		};
		D402BF2C4C79DDAD0DC2329F /* [CP] Embed Pods Frameworks */ = {
			isa = PBXShellScriptBuildPhase;
			buildActionMask = 2147483647;
			files = (
			);
			inputPaths = (
				"${SRCROOT}/Pods/Target Support Files/Pods-SwiftyCompanion/Pods-SwiftyCompanion-frameworks.sh",
				"${BUILT_PRODUCTS_DIR}/SwiftyJSON/SwiftyJSON.framework",
			);
			name = "[CP] Embed Pods Frameworks";
			outputPaths = (
				"${TARGET_BUILD_DIR}/${FRAMEWORKS_FOLDER_PATH}/SwiftyJSON.framework",
			);
			runOnlyForDeploymentPostprocessing = 0;
			shellPath = /bin/sh;
			shellScript = "\"${SRCROOT}/Pods/Target Support Files/Pods-SwiftyCompanion/Pods-SwiftyCompanion-frameworks.sh\"\n";
			showEnvVarsInLog = 0;
		};
/* End PBXShellScriptBuildPhase section */

/* Begin PBXSourcesBuildPhase section */
		C537AB702174CAC7006C9138 /* Sources */ = {
			isa = PBXSourcesBuildPhase;
			buildActionMask = 2147483647;
			files = (
				C537AB7A2174CAC7006C9138 /* ViewController.swift in Sources */,
				C537AB782174CAC7006C9138 /* AppDelegate.swift in Sources */,
				C537AB8A2174CEF7006C9138 /* ApiController.swift in Sources */,
			);
			runOnlyForDeploymentPostprocessing = 0;
		};
/* End PBXSourcesBuildPhase section */

/* Begin PBXVariantGroup section */
		C537AB7B2174CAC7006C9138 /* Main.storyboard */ = {
			isa = PBXVariantGroup;
			children = (
				C537AB7C2174CAC7006C9138 /* Base */,
			);
			name = Main.storyboard;
			sourceTree = "<group>";
		};
		C537AB802174CAC9006C9138 /* LaunchScreen.storyboard */ = {
			isa = PBXVariantGroup;
			children = (
				C537AB812174CAC9006C9138 /* Base */,
			);
			name = LaunchScreen.storyboard;
			sourceTree = "<group>";
		};
/* End PBXVariantGroup section */

/* Begin XCBuildConfiguration section */
		C537AB842174CAC9006C9138 /* Debug */ = {
			isa = XCBuildConfiguration;
			buildSettings = {
				ALWAYS_SEARCH_USER_PATHS = NO;
				CLANG_ANALYZER_NONNULL = YES;
				CLANG_ANALYZER_NUMBER_OBJECT_CONVERSION = YES_AGGRESSIVE;
				CLANG_CXX_LANGUAGE_STANDARD = "gnu++14";
				CLANG_CXX_LIBRARY = "libc++";
				CLANG_ENABLE_MODULES = YES;
				CLANG_ENABLE_OBJC_ARC = YES;
				CLANG_ENABLE_OBJC_WEAK = YES;
				CLANG_WARN_BLOCK_CAPTURE_AUTORELEASING = YES;
				CLANG_WARN_BOOL_CONVERSION = YES;
				CLANG_WARN_COMMA = YES;
				CLANG_WARN_CONSTANT_CONVERSION = YES;
				CLANG_WARN_DEPRECATED_OBJC_IMPLEMENTATIONS = YES;
				CLANG_WARN_DIRECT_OBJC_ISA_USAGE = YES_ERROR;
				CLANG_WARN_DOCUMENTATION_COMMENTS = YES;
				CLANG_WARN_EMPTY_BODY = YES;
				CLANG_WARN_ENUM_CONVERSION = YES;
				CLANG_WARN_INFINITE_RECURSION = YES;
				CLANG_WARN_INT_CONVERSION = YES;
				CLANG_WARN_NON_LITERAL_NULL_CONVERSION = YES;
				CLANG_WARN_OBJC_IMPLICIT_RETAIN_SELF = YES;
				CLANG_WARN_OBJC_LITERAL_CONVERSION = YES;
				CLANG_WARN_OBJC_ROOT_CLASS = YES_ERROR;
				CLANG_WARN_RANGE_LOOP_ANALYSIS = YES;
				CLANG_WARN_STRICT_PROTOTYPES = YES;
				CLANG_WARN_SUSPICIOUS_MOVE = YES;
				CLANG_WARN_UNGUARDED_AVAILABILITY = YES_AGGRESSIVE;
				CLANG_WARN_UNREACHABLE_CODE = YES;
				CLANG_WARN__DUPLICATE_METHOD_MATCH = YES;
				CODE_SIGN_IDENTITY = "iPhone Developer";
				COPY_PHASE_STRIP = NO;
				DEBUG_INFORMATION_FORMAT = dwarf;
				ENABLE_STRICT_OBJC_MSGSEND = YES;
				ENABLE_TESTABILITY = YES;
				GCC_C_LANGUAGE_STANDARD = gnu11;
				GCC_DYNAMIC_NO_PIC = NO;
				GCC_NO_COMMON_BLOCKS = YES;
				GCC_OPTIMIZATION_LEVEL = 0;
				GCC_PREPROCESSOR_DEFINITIONS = (
					"DEBUG=1",
					"$(inherited)",
				);
				GCC_WARN_64_TO_32_BIT_CONVERSION = YES;
				GCC_WARN_ABOUT_RETURN_TYPE = YES_ERROR;
				GCC_WARN_UNDECLARED_SELECTOR = YES;
				GCC_WARN_UNINITIALIZED_AUTOS = YES_AGGRESSIVE;
				GCC_WARN_UNUSED_FUNCTION = YES;
				GCC_WARN_UNUSED_VARIABLE = YES;
				IPHONEOS_DEPLOYMENT_TARGET = 11.4;
				MTL_ENABLE_DEBUG_INFO = YES;
				ONLY_ACTIVE_ARCH = YES;
				SDKROOT = iphoneos;
				SWIFT_ACTIVE_COMPILATION_CONDITIONS = DEBUG;
				SWIFT_OPTIMIZATION_LEVEL = "-Onone";
			};
			name = Debug;
		};
		C537AB852174CAC9006C9138 /* Release */ = {
			isa = XCBuildConfiguration;
			buildSettings = {
				ALWAYS_SEARCH_USER_PATHS = NO;
				CLANG_ANALYZER_NONNULL = YES;
				CLANG_ANALYZER_NUMBER_OBJECT_CONVERSION = YES_AGGRESSIVE;
				CLANG_CXX_LANGUAGE_STANDARD = "gnu++14";
				CLANG_CXX_LIBRARY = "libc++";
				CLANG_ENABLE_MODULES = YES;
				CLANG_ENABLE_OBJC_ARC = YES;
				CLANG_ENABLE_OBJC_WEAK = YES;
				CLANG_WARN_BLOCK_CAPTURE_AUTORELEASING = YES;
				CLANG_WARN_BOOL_CONVERSION = YES;
				CLANG_WARN_COMMA = YES;
				CLANG_WARN_CONSTANT_CONVERSION = YES;
				CLANG_WARN_DEPRECATED_OBJC_IMPLEMENTATIONS = YES;
				CLANG_WARN_DIRECT_OBJC_ISA_USAGE = YES_ERROR;
				CLANG_WARN_DOCUMENTATION_COMMENTS = YES;
				CLANG_WARN_EMPTY_BODY = YES;
				CLANG_WARN_ENUM_CONVERSION = YES;
				CLANG_WARN_INFINITE_RECURSION = YES;
				CLANG_WARN_INT_CONVERSION = YES;
				CLANG_WARN_NON_LITERAL_NULL_CONVERSION = YES;
				CLANG_WARN_OBJC_IMPLICIT_RETAIN_SELF = YES;
				CLANG_WARN_OBJC_LITERAL_CONVERSION = YES;
				CLANG_WARN_OBJC_ROOT_CLASS = YES_ERROR;
				CLANG_WARN_RANGE_LOOP_ANALYSIS = YES;
				CLANG_WARN_STRICT_PROTOTYPES = YES;
				CLANG_WARN_SUSPICIOUS_MOVE = YES;
				CLANG_WARN_UNGUARDED_AVAILABILITY = YES_AGGRESSIVE;
				CLANG_WARN_UNREACHABLE_CODE = YES;
				CLANG_WARN__DUPLICATE_METHOD_MATCH = YES;
				CODE_SIGN_IDENTITY = "iPhone Developer";
				COPY_PHASE_STRIP = NO;
				DEBUG_INFORMATION_FORMAT = "dwarf-with-dsym";
				ENABLE_NS_ASSERTIONS = NO;
				ENABLE_STRICT_OBJC_MSGSEND = YES;
				GCC_C_LANGUAGE_STANDARD = gnu11;
				GCC_NO_COMMON_BLOCKS = YES;
				GCC_WARN_64_TO_32_BIT_CONVERSION = YES;
				GCC_WARN_ABOUT_RETURN_TYPE = YES_ERROR;
				GCC_WARN_UNDECLARED_SELECTOR = YES;
				GCC_WARN_UNINITIALIZED_AUTOS = YES_AGGRESSIVE;
				GCC_WARN_UNUSED_FUNCTION = YES;
				GCC_WARN_UNUSED_VARIABLE = YES;
				IPHONEOS_DEPLOYMENT_TARGET = 11.4;
				MTL_ENABLE_DEBUG_INFO = NO;
				SDKROOT = iphoneos;
				SWIFT_COMPILATION_MODE = wholemodule;
				SWIFT_OPTIMIZATION_LEVEL = "-O";
				VALIDATE_PRODUCT = YES;
			};
			name = Release;
		};
		C537AB872174CAC9006C9138 /* Debug */ = {
			isa = XCBuildConfiguration;
			baseConfigurationReference = 85E529B8C2F84926E1FF55D3 /* Pods-SwiftyCompanion.debug.xcconfig */;
			buildSettings = {
				ASSETCATALOG_COMPILER_APPICON_NAME = AppIcon;
				CODE_SIGN_STYLE = Automatic;
				INFOPLIST_FILE = SwiftyCompanion/Info.plist;
				LD_RUNPATH_SEARCH_PATHS = (
					"$(inherited)",
					"@executable_path/Frameworks",
				);
				PRODUCT_BUNDLE_IDENTIFIER = wtc.SwiftyCompanion;
				PRODUCT_NAME = "$(TARGET_NAME)";
				SWIFT_VERSION = 4.0;
				TARGETED_DEVICE_FAMILY = "1,2";
			};
			name = Debug;
		};
		C537AB882174CAC9006C9138 /* Release */ = {
			isa = XCBuildConfiguration;
			baseConfigurationReference = 3969676037831450FF81E9C9 /* Pods-SwiftyCompanion.release.xcconfig */;
			buildSettings = {
				ASSETCATALOG_COMPILER_APPICON_NAME = AppIcon;
				CODE_SIGN_STYLE = Automatic;
				INFOPLIST_FILE = SwiftyCompanion/Info.plist;
				LD_RUNPATH_SEARCH_PATHS = (
					"$(inherited)",
					"@executable_path/Frameworks",
				);
				PRODUCT_BUNDLE_IDENTIFIER = wtc.SwiftyCompanion;
				PRODUCT_NAME = "$(TARGET_NAME)";
				SWIFT_VERSION = 4.0;
				TARGETED_DEVICE_FAMILY = "1,2";
			};
			name = Release;
		};
/* End XCBuildConfiguration section */

/* Begin XCConfigurationList section */
		C537AB6F2174CAC6006C9138 /* Build configuration list for PBXProject "SwiftyCompanion" */ = {
			isa = XCConfigurationList;
			buildConfigurations = (
				C537AB842174CAC9006C9138 /* Debug */,
				C537AB852174CAC9006C9138 /* Release */,
			);
			defaultConfigurationIsVisible = 0;
			defaultConfigurationName = Release;
		};
		C537AB862174CAC9006C9138 /* Build configuration list for PBXNativeTarget "SwiftyCompanion" */ = {
			isa = XCConfigurationList;
			buildConfigurations = (
				C537AB872174CAC9006C9138 /* Debug */,
				C537AB882174CAC9006C9138 /* Release */,
			);
			defaultConfigurationIsVisible = 0;
			defaultConfigurationName = Release;
		};
/* End XCConfigurationList section */
	};
	rootObject = C537AB6C2174CAC6006C9138 /* Project object */;
}
